
Microsoft Visual Studio Solution File, Format Version 12.00
# Visual Studio Version 16
VisualStudioVersion = 16.0.30330.147
MinimumVisualStudioVersion = 10.0.40219.1
Project("{FAE04EC0-301F-11D3-BF4B-00C04F79EFBC}") = "Family Dictionary", "Family Dictionary\Family Dictionary.csproj", "{5E2574B3-5273-4974-80AC-7C9C6E653B09}"
EndProject
Global
	GlobalSection(SolutionConfigurationPlatforms) = preSolution
		Debug|Any CPU = Debug|Any CPU
		Release|Any CPU = Release|Any CPU
	EndGlobalSection
	GlobalSection(ProjectConfigurationPlatforms) = postSolution
		{5E2574B3-5273-4974-80AC-7C9C6E653B09}.Debug|Any CPU.ActiveCfg = Debug|Any CPU
		{5E2574B3-5273-4974-80AC-7C9C6E653B09}.Debug|Any CPU.Build.0 = Debug|Any CPU
		{5E2574B3-5273-4974-80AC-7C9C6E653B09}.Release|Any CPU.ActiveCfg = Release|Any CPU
		{5E2574B3-5273-4974-80AC-7C9C6E653B09}.Release|Any CPU.Build.0 = Release|Any CPU
	EndGlobalSection
	GlobalSection(SolutionProperties) = preSolution
		HideSolutionNode = FALSE
	EndGlobalSection
	GlobalSection(ExtensibilityGlobals) = postSolution
		SolutionGuid = {1D777A26-08AA-4231-9663-9978418A3CF1}
	EndGlobalSection
EndGlobal
